
Microsoft Visual Studio Solution File, Format Version 12.00
# Visual Studio Version 17
VisualStudioVersion = 17.9.34622.214
MinimumVisualStudioVersion = 10.0.40219.1
Project("{FAE04EC0-301F-11D3-BF4B-00C04F79EFBC}") = "lab1_8", "lab1_8\lab1_8.csproj", "{4DC9B2DC-D257-418B-9F4F-29CC076F36AF}"
EndProject
Project("{FAE04EC0-301F-11D3-BF4B-00C04F79EFBC}") = "lab1_8Tests", "lab1_8Tests\lab1_8Tests.csproj", "{B3359DF7-A9E1-405A-B98B-9B7F4243AC42}"
EndProject
Global
	GlobalSection(SolutionConfigurationPlatforms) = preSolution
		Debug|Any CPU = Debug|Any CPU
		Release|Any CPU = Release|Any CPU
	EndGlobalSection
	GlobalSection(ProjectConfigurationPlatforms) = postSolution
		{4DC9B2DC-D257-418B-9F4F-29CC076F36AF}.Debug|Any CPU.ActiveCfg = Debug|Any CPU
		{4DC9B2DC-D257-418B-9F4F-29CC076F36AF}.Debug|Any CPU.Build.0 = Debug|Any CPU
		{4DC9B2DC-D257-418B-9F4F-29CC076F36AF}.Release|Any CPU.ActiveCfg = Release|Any CPU
		{4DC9B2DC-D257-418B-9F4F-29CC076F36AF}.Release|Any CPU.Build.0 = Release|Any CPU
		{B3359DF7-A9E1-405A-B98B-9B7F4243AC42}.Debug|Any CPU.ActiveCfg = Debug|Any CPU
		{B3359DF7-A9E1-405A-B98B-9B7F4243AC42}.Debug|Any CPU.Build.0 = Debug|Any CPU
		{B3359DF7-A9E1-405A-B98B-9B7F4243AC42}.Release|Any CPU.ActiveCfg = Release|Any CPU
		{B3359DF7-A9E1-405A-B98B-9B7F4243AC42}.Release|Any CPU.Build.0 = Release|Any CPU
	EndGlobalSection
	GlobalSection(SolutionProperties) = preSolution
		HideSolutionNode = FALSE
	EndGlobalSection
	GlobalSection(ExtensibilityGlobals) = postSolution
		SolutionGuid = {511E0392-6E1E-460A-B627-50CA17994208}
	EndGlobalSection
EndGlobal
